PODS:
  - iddc-xcode9.3 (0.1.100)

DEPENDENCIES:
  - iddc-xcode9.3 (= 0.1.100)

SPEC REPOS:
  https://github.com/CocoaPods/Specs.git:
    - iddc-xcode9.3

SPEC CHECKSUMS:
  iddc-xcode9.3: b216f7f96b43257805d9d078dc2247435fd077fb

PODFILE CHECKSUM: b2c7bb687c0e6f34f23ae134eca8725e3311b313

COCOAPODS: 1.5.0
