// !$*UTF8*$!
{
	archiveVersion = 1;
	classes = {
	};
	objectVersion = 48;
	objects = {

/* Begin PBXBuildFile section */
		0253275C1F8E02DC00AF302B /* AppDelegate.swift in Sources */ = {isa = PBXBuildFile; fileRef = 0253275B1F8E02DC00AF302B /* AppDelegate.swift */; };
		0253275E1F8E02DC00AF302B /* ViewController.swift in Sources */ = {isa = PBXBuildFile; fileRef = 0253275D1F8E02DC00AF302B /* ViewController.swift */; };
		025327611F8E02DC00AF302B /* Main.storyboard in Resources */ = {isa = PBXBuildFile; fileRef = 0253275F1F8E02DC00AF302B /* Main.storyboard */; };
		025327631F8E02DC00AF302B /* Assets.xcassets in Resources */ = {isa = PBXBuildFile; fileRef = 025327621F8E02DC00AF302B /* Assets.xcassets */; };
		025327661F8E02DC00AF302B /* LaunchScreen.storyboard in Resources */ = {isa = PBXBuildFile; fileRef = 025327641F8E02DC00AF302B /* LaunchScreen.storyboard */; };
		025327711F8E02DC00AF302B /* iddc_swiftTests.swift in Sources */ = {isa = PBXBuildFile; fileRef = 025327701F8E02DC00AF302B /* iddc_swiftTests.swift */; };
		0253277C1F8E02DD00AF302B /* iddc_swiftUITests.swift in Sources */ = {isa = PBXBuildFile; fileRef = 0253277B1F8E02DD00AF302B /* iddc_swiftUITests.swift */; };
		48935652CF35F5B0386B48A9 /* Pods_iddc_swiftTests.framework in Frameworks */ = {isa = PBXBuildFile; fileRef = 2180FC78979BF0EE5034A781 /* Pods_iddc_swiftTests.framework */; };
		551691929CAB75E18FF4DE70 /* Pods_iddc_swiftUITests.framework in Frameworks */ = {isa = PBXBuildFile; fileRef = 399F84C9D73DE425FAAA8DA2 /* Pods_iddc_swiftUITests.framework */; };
		7890E59BE85EC9AC99AC1632 /* Pods_iddc_swift.framework in Frameworks */ = {isa = PBXBuildFile; fileRef = ADF91E5B7041C2B0426C4A4D /* Pods_iddc_swift.framework */; };
/* End PBXBuildFile section */

/* Begin PBXContainerItemProxy section */
		0253276D1F8E02DC00AF302B /* PBXContainerItemProxy */ = {
			isa = PBXContainerItemProxy;
			containerPortal = 025327501F8E02DC00AF302B /* Project object */;
			proxyType = 1;
			remoteGlobalIDString = 025327571F8E02DC00AF302B;
			remoteInfo = "iddc-swift";
		};
		025327781F8E02DD00AF302B /* PBXContainerItemProxy */ = {
			isa = PBXContainerItemProxy;
			containerPortal = 025327501F8E02DC00AF302B /* Project object */;
			proxyType = 1;
			remoteGlobalIDString = 025327571F8E02DC00AF302B;
			remoteInfo = "iddc-swift";
		};
/* End PBXContainerItemProxy section */

/* Begin PBXCopyFilesBuildPhase section */
		0253278F1F8E044E00AF302B /* Embed Frameworks */ = {
			isa = PBXCopyFilesBuildPhase;
			buildActionMask = 2147483647;
			dstPath = "";
			dstSubfolderSpec = 10;
			files = (
			);
			name = "Embed Frameworks";
			runOnlyForDeploymentPostprocessing = 0;
		};
/* End PBXCopyFilesBuildPhase section */

/* Begin PBXFileReference section */
		005FE9964BFE88B383CCDC8C /* Pods-iddc-swiftUITests.debug.xcconfig */ = {isa = PBXFileReference; includeInIndex = 1; lastKnownFileType = text.xcconfig; name = "Pods-iddc-swiftUITests.debug.xcconfig"; path = "Pods/Target Support Files/Pods-iddc-swiftUITests/Pods-iddc-swiftUITests.debug.xcconfig"; sourceTree = "<group>"; };
		025327581F8E02DC00AF302B /* iddc-swift.app */ = {isa = PBXFileReference; explicitFileType = wrapper.application; includeInIndex = 0; path = "iddc-swift.app"; sourceTree = BUILT_PRODUCTS_DIR; };
		0253275B1F8E02DC00AF302B /* AppDelegate.swift */ = {isa = PBXFileReference; lastKnownFileType = sourcecode.swift; path = AppDelegate.swift; sourceTree = "<group>"; };
		0253275D1F8E02DC00AF302B /* ViewController.swift */ = {isa = PBXFileReference; lastKnownFileType = sourcecode.swift; path = ViewController.swift; sourceTree = "<group>"; };
		025327601F8E02DC00AF302B /* Base */ = {isa = PBXFileReference; lastKnownFileType = file.storyboard; name = Base; path = Base.lproj/Main.storyboard; sourceTree = "<group>"; };
		025327621F8E02DC00AF302B /* Assets.xcassets */ = {isa = PBXFileReference; lastKnownFileType = folder.assetcatalog; path = Assets.xcassets; sourceTree = "<group>"; };
		025327651F8E02DC00AF302B /* Base */ = {isa = PBXFileReference; lastKnownFileType = file.storyboard; name = Base; path = Base.lproj/LaunchScreen.storyboard; sourceTree = "<group>"; };
		025327671F8E02DC00AF302B /* Info.plist */ = {isa = PBXFileReference; lastKnownFileType = text.plist.xml; path = Info.plist; sourceTree = "<group>"; };
		0253276C1F8E02DC00AF302B /* iddc-swiftTests.xctest */ = {isa = PBXFileReference; explicitFileType = wrapper.cfbundle; includeInIndex = 0; path = "iddc-swiftTests.xctest"; sourceTree = BUILT_PRODUCTS_DIR; };
		025327701F8E02DC00AF302B /* iddc_swiftTests.swift */ = {isa = PBXFileReference; lastKnownFileType = sourcecode.swift; path = iddc_swiftTests.swift; sourceTree = "<group>"; };
		025327721F8E02DC00AF302B /* Info.plist */ = {isa = PBXFileReference; lastKnownFileType = text.plist.xml; path = Info.plist; sourceTree = "<group>"; };
		025327771F8E02DD00AF302B /* iddc-swiftUITests.xctest */ = {isa = PBXFileReference; explicitFileType = wrapper.cfbundle; includeInIndex = 0; path = "iddc-swiftUITests.xctest"; sourceTree = BUILT_PRODUCTS_DIR; };
		0253277B1F8E02DD00AF302B /* iddc_swiftUITests.swift */ = {isa = PBXFileReference; lastKnownFileType = sourcecode.swift; path = iddc_swiftUITests.swift; sourceTree = "<group>"; };
		0253277D1F8E02DD00AF302B /* Info.plist */ = {isa = PBXFileReference; lastKnownFileType = text.plist.xml; path = Info.plist; sourceTree = "<group>"; };
		1E7CA6FABA25145E9224CEB8 /* Pods-iddc-swift.debug.xcconfig */ = {isa = PBXFileReference; includeInIndex = 1; lastKnownFileType = text.xcconfig; name = "Pods-iddc-swift.debug.xcconfig"; path = "Pods/Target Support Files/Pods-iddc-swift/Pods-iddc-swift.debug.xcconfig"; sourceTree = "<group>"; };
		2180FC78979BF0EE5034A781 /* Pods_iddc_swiftTests.framework */ = {isa = PBXFileReference; explicitFileType = wrapper.framework; includeInIndex = 0; path = Pods_iddc_swiftTests.framework; sourceTree = BUILT_PRODUCTS_DIR; };
		2CA5A82052D2EC41760269AD /* Pods-iddc-swiftTests.release.xcconfig */ = {isa = PBXFileReference; includeInIndex = 1; lastKnownFileType = text.xcconfig; name = "Pods-iddc-swiftTests.release.xcconfig"; path = "Pods/Target Support Files/Pods-iddc-swiftTests/Pods-iddc-swiftTests.release.xcconfig"; sourceTree = "<group>"; };
		399F84C9D73DE425FAAA8DA2 /* Pods_iddc_swiftUITests.framework */ = {isa = PBXFileReference; explicitFileType = wrapper.framework; includeInIndex = 0; path = Pods_iddc_swiftUITests.framework; sourceTree = BUILT_PRODUCTS_DIR; };
		75CDE1C7F7C09FF51304767E /* Pods-iddc-swiftUITests.release.xcconfig */ = {isa = PBXFileReference; includeInIndex = 1; lastKnownFileType = text.xcconfig; name = "Pods-iddc-swiftUITests.release.xcconfig"; path = "Pods/Target Support Files/Pods-iddc-swiftUITests/Pods-iddc-swiftUITests.release.xcconfig"; sourceTree = "<group>"; };
		ADF91E5B7041C2B0426C4A4D /* Pods_iddc_swift.framework */ = {isa = PBXFileReference; explicitFileType = wrapper.framework; includeInIndex = 0; path = Pods_iddc_swift.framework; sourceTree = BUILT_PRODUCTS_DIR; };
		C4E93EC51738B401E9AE0324 /* Pods-iddc-swift.release.xcconfig */ = {isa = PBXFileReference; includeInIndex = 1; lastKnownFileType = text.xcconfig; name = "Pods-iddc-swift.release.xcconfig"; path = "Pods/Target Support Files/Pods-iddc-swift/Pods-iddc-swift.release.xcconfig"; sourceTree = "<group>"; };
		E32A33175E2E1491EEABCC70 /* Pods-iddc-swiftTests.debug.xcconfig */ = {isa = PBXFileReference; includeInIndex = 1; lastKnownFileType = text.xcconfig; name = "Pods-iddc-swiftTests.debug.xcconfig"; path = "Pods/Target Support Files/Pods-iddc-swiftTests/Pods-iddc-swiftTests.debug.xcconfig"; sourceTree = "<group>"; };
/* End PBXFileReference section */

/* Begin PBXFrameworksBuildPhase section */
		025327551F8E02DC00AF302B /* Frameworks */ = {
			isa = PBXFrameworksBuildPhase;
			buildActionMask = 2147483647;
			files = (
				7890E59BE85EC9AC99AC1632 /* Pods_iddc_swift.framework in Frameworks */,
			);
			runOnlyForDeploymentPostprocessing = 0;
		};
		025327691F8E02DC00AF302B /* Frameworks */ = {
			isa = PBXFrameworksBuildPhase;
			buildActionMask = 2147483647;
			files = (
				48935652CF35F5B0386B48A9 /* Pods_iddc_swiftTests.framework in Frameworks */,
			);
			runOnlyForDeploymentPostprocessing = 0;
		};
		025327741F8E02DD00AF302B /* Frameworks */ = {
			isa = PBXFrameworksBuildPhase;
			buildActionMask = 2147483647;
			files = (
				551691929CAB75E18FF4DE70 /* Pods_iddc_swiftUITests.framework in Frameworks */,
			);
			runOnlyForDeploymentPostprocessing = 0;
		};
/* End PBXFrameworksBuildPhase section */

/* Begin PBXGroup section */
		0253274F1F8E02DC00AF302B = {
			isa = PBXGroup;
			children = (
				0253275A1F8E02DC00AF302B /* iddc-swift */,
				0253276F1F8E02DC00AF302B /* iddc-swiftTests */,
				0253277A1F8E02DD00AF302B /* iddc-swiftUITests */,
				025327591F8E02DC00AF302B /* Products */,
				D6752FAB2167103688328D0A /* Pods */,
				23771425A06EFABA3C2D5EE6 /* Frameworks */,
			);
			sourceTree = "<group>";
		};
		025327591F8E02DC00AF302B /* Products */ = {
			isa = PBXGroup;
			children = (
				025327581F8E02DC00AF302B /* iddc-swift.app */,
				0253276C1F8E02DC00AF302B /* iddc-swiftTests.xctest */,
				025327771F8E02DD00AF302B /* iddc-swiftUITests.xctest */,
			);
			name = Products;
			sourceTree = "<group>";
		};
		0253275A1F8E02DC00AF302B /* iddc-swift */ = {
			isa = PBXGroup;
			children = (
				0253275B1F8E02DC00AF302B /* AppDelegate.swift */,
				0253275D1F8E02DC00AF302B /* ViewController.swift */,
				0253275F1F8E02DC00AF302B /* Main.storyboard */,
				025327621F8E02DC00AF302B /* Assets.xcassets */,
				025327641F8E02DC00AF302B /* LaunchScreen.storyboard */,
				025327671F8E02DC00AF302B /* Info.plist */,
			);
			path = "iddc-swift";
			sourceTree = "<group>";
		};
		0253276F1F8E02DC00AF302B /* iddc-swiftTests */ = {
			isa = PBXGroup;
			children = (
				025327701F8E02DC00AF302B /* iddc_swiftTests.swift */,
				025327721F8E02DC00AF302B /* Info.plist */,
			);
			path = "iddc-swiftTests";
			sourceTree = "<group>";
		};
		0253277A1F8E02DD00AF302B /* iddc-swiftUITests */ = {
			isa = PBXGroup;
			children = (
				0253277B1F8E02DD00AF302B /* iddc_swiftUITests.swift */,
				0253277D1F8E02DD00AF302B /* Info.plist */,
			);
			path = "iddc-swiftUITests";
			sourceTree = "<group>";
		};
		23771425A06EFABA3C2D5EE6 /* Frameworks */ = {
			isa = PBXGroup;
			children = (
				ADF91E5B7041C2B0426C4A4D /* Pods_iddc_swift.framework */,
				2180FC78979BF0EE5034A781 /* Pods_iddc_swiftTests.framework */,
				399F84C9D73DE425FAAA8DA2 /* Pods_iddc_swiftUITests.framework */,
			);
			name = Frameworks;
			sourceTree = "<group>";
		};
		D6752FAB2167103688328D0A /* Pods */ = {
			isa = PBXGroup;
			children = (
				1E7CA6FABA25145E9224CEB8 /* Pods-iddc-swift.debug.xcconfig */,
				C4E93EC51738B401E9AE0324 /* Pods-iddc-swift.release.xcconfig */,
				E32A33175E2E1491EEABCC70 /* Pods-iddc-swiftTests.debug.xcconfig */,
				2CA5A82052D2EC41760269AD /* Pods-iddc-swiftTests.release.xcconfig */,
				005FE9964BFE88B383CCDC8C /* Pods-iddc-swiftUITests.debug.xcconfig */,
				75CDE1C7F7C09FF51304767E /* Pods-iddc-swiftUITests.release.xcconfig */,
			);
			name = Pods;
			sourceTree = "<group>";
		};
/* End PBXGroup section */

/* Begin PBXNativeTarget section */
		025327571F8E02DC00AF302B /* iddc-swift */ = {
			isa = PBXNativeTarget;
			buildConfigurationList = 025327801F8E02DD00AF302B /* Build configuration list for PBXNativeTarget "iddc-swift" */;
			buildPhases = (
				68A302A062D02AB2489461B5 /* [CP] Check Pods Manifest.lock */,
				025327541F8E02DC00AF302B /* Sources */,
				025327551F8E02DC00AF302B /* Frameworks */,
				025327561F8E02DC00AF302B /* Resources */,
				0253278F1F8E044E00AF302B /* Embed Frameworks */,
				2560901EA819C73763827E9C /* [CP] Embed Pods Frameworks */,
				7BB8EBA62CFE69AA72657904 /* [CP] Copy Pods Resources */,
			);
			buildRules = (
			);
			dependencies = (
			);
			name = "iddc-swift";
			productName = "iddc-swift";
			productReference = 025327581F8E02DC00AF302B /* iddc-swift.app */;
			productType = "com.apple.product-type.application";
		};
		0253276B1F8E02DC00AF302B /* iddc-swiftTests */ = {
			isa = PBXNativeTarget;
			buildConfigurationList = 025327831F8E02DD00AF302B /* Build configuration list for PBXNativeTarget "iddc-swiftTests" */;
			buildPhases = (
				CB55F2CDF46CD75FE27B7ECC /* [CP] Check Pods Manifest.lock */,
				025327681F8E02DC00AF302B /* Sources */,
				025327691F8E02DC00AF302B /* Frameworks */,
				0253276A1F8E02DC00AF302B /* Resources */,
				0F0036122F8F325F46BE436B /* [CP] Embed Pods Frameworks */,
				95DB493C8E44B54240689A5E /* [CP] Copy Pods Resources */,
			);
			buildRules = (
			);
			dependencies = (
				0253276E1F8E02DC00AF302B /* PBXTargetDependency */,
			);
			name = "iddc-swiftTests";
			productName = "iddc-swiftTests";
			productReference = 0253276C1F8E02DC00AF302B /* iddc-swiftTests.xctest */;
			productType = "com.apple.product-type.bundle.unit-test";
		};
		025327761F8E02DD00AF302B /* iddc-swiftUITests */ = {
			isa = PBXNativeTarget;
			buildConfigurationList = 025327861F8E02DD00AF302B /* Build configuration list for PBXNativeTarget "iddc-swiftUITests" */;
			buildPhases = (
				5F9C42E887B93446C7006740 /* [CP] Check Pods Manifest.lock */,
				025327731F8E02DD00AF302B /* Sources */,
				025327741F8E02DD00AF302B /* Frameworks */,
				025327751F8E02DD00AF302B /* Resources */,
				0172299B7DAFBB43275F394D /* [CP] Embed Pods Frameworks */,
				9F406A412C5D78BF5691BB5D /* [CP] Copy Pods Resources */,
			);
			buildRules = (
			);
			dependencies = (
				025327791F8E02DD00AF302B /* PBXTargetDependency */,
			);
			name = "iddc-swiftUITests";
			productName = "iddc-swiftUITests";
			productReference = 025327771F8E02DD00AF302B /* iddc-swiftUITests.xctest */;
			productType = "com.apple.product-type.bundle.ui-testing";
		};
/* End PBXNativeTarget section */

/* Begin PBXProject section */
		025327501F8E02DC00AF302B /* Project object */ = {
			isa = PBXProject;
			attributes = {
				LastSwiftUpdateCheck = 0900;
				LastUpgradeCheck = 0900;
				ORGANIZATIONNAME = Crafttang;
				TargetAttributes = {
					025327571F8E02DC00AF302B = {
						CreatedOnToolsVersion = 9.0;
						ProvisioningStyle = Automatic;
					};
					0253276B1F8E02DC00AF302B = {
						CreatedOnToolsVersion = 9.0;
						ProvisioningStyle = Automatic;
						TestTargetID = 025327571F8E02DC00AF302B;
					};
					025327761F8E02DD00AF302B = {
						CreatedOnToolsVersion = 9.0;
						ProvisioningStyle = Automatic;
						TestTargetID = 025327571F8E02DC00AF302B;
					};
				};
			};
			buildConfigurationList = 025327531F8E02DC00AF302B /* Build configuration list for PBXProject "iddc-swift" */;
			compatibilityVersion = "Xcode 8.0";
			developmentRegion = en;
			hasScannedForEncodings = 0;
			knownRegions = (
				en,
				Base,
			);
			mainGroup = 0253274F1F8E02DC00AF302B;
			productRefGroup = 025327591F8E02DC00AF302B /* Products */;
			projectDirPath = "";
			projectRoot = "";
			targets = (
				025327571F8E02DC00AF302B /* iddc-swift */,
				0253276B1F8E02DC00AF302B /* iddc-swiftTests */,
				025327761F8E02DD00AF302B /* iddc-swiftUITests */,
			);
		};
/* End PBXProject section */

/* Begin PBXResourcesBuildPhase section */
		025327561F8E02DC00AF302B /* Resources */ = {
			isa = PBXResourcesBuildPhase;
			buildActionMask = 2147483647;
			files = (
				025327661F8E02DC00AF302B /* LaunchScreen.storyboard in Resources */,
				025327631F8E02DC00AF302B /* Assets.xcassets in Resources */,
				025327611F8E02DC00AF302B /* Main.storyboard in Resources */,
			);
			runOnlyForDeploymentPostprocessing = 0;
		};
		0253276A1F8E02DC00AF302B /* Resources */ = {
			isa = PBXResourcesBuildPhase;
			buildActionMask = 2147483647;
			files = (
			);
			runOnlyForDeploymentPostprocessing = 0;
		};
		025327751F8E02DD00AF302B /* Resources */ = {
			isa = PBXResourcesBuildPhase;
			buildActionMask = 2147483647;
			files = (
			);
			runOnlyForDeploymentPostprocessing = 0;
		};
/* End PBXResourcesBuildPhase section */

/* Begin PBXShellScriptBuildPhase section */
		0172299B7DAFBB43275F394D /* [CP] Embed Pods Frameworks */ = {
			isa = PBXShellScriptBuildPhase;
			buildActionMask = 2147483647;
			files = (
			);
			inputPaths = (
			);
			name = "[CP] Embed Pods Frameworks";
			outputPaths = (
			);
			runOnlyForDeploymentPostprocessing = 0;
			shellPath = /bin/sh;
			shellScript = "\"${SRCROOT}/Pods/Target Support Files/Pods-iddc-swiftUITests/Pods-iddc-swiftUITests-frameworks.sh\"\n";
			showEnvVarsInLog = 0;
		};
		0F0036122F8F325F46BE436B /* [CP] Embed Pods Frameworks */ = {
			isa = PBXShellScriptBuildPhase;
			buildActionMask = 2147483647;
			files = (
			);
			inputPaths = (
			);
			name = "[CP] Embed Pods Frameworks";
			outputPaths = (
			);
			runOnlyForDeploymentPostprocessing = 0;
			shellPath = /bin/sh;
			shellScript = "\"${SRCROOT}/Pods/Target Support Files/Pods-iddc-swiftTests/Pods-iddc-swiftTests-frameworks.sh\"\n";
			showEnvVarsInLog = 0;
		};
		2560901EA819C73763827E9C /* [CP] Embed Pods Frameworks */ = {
			isa = PBXShellScriptBuildPhase;
			buildActionMask = 2147483647;
			files = (
			);
			inputPaths = (
				"${SRCROOT}/Pods/Target Support Files/Pods-iddc-swift/Pods-iddc-swift-frameworks.sh",
				"${PODS_ROOT}/iddc/iddc.framework",
			);
			name = "[CP] Embed Pods Frameworks";
			outputPaths = (
				"${TARGET_BUILD_DIR}/${FRAMEWORKS_FOLDER_PATH}/iddc.framework",
			);
			runOnlyForDeploymentPostprocessing = 0;
			shellPath = /bin/sh;
			shellScript = "\"${SRCROOT}/Pods/Target Support Files/Pods-iddc-swift/Pods-iddc-swift-frameworks.sh\"\n";
			showEnvVarsInLog = 0;
		};
		5F9C42E887B93446C7006740 /* [CP] Check Pods Manifest.lock */ = {
			isa = PBXShellScriptBuildPhase;
			buildActionMask = 2147483647;
			files = (
			);
			inputPaths = (
				"${PODS_PODFILE_DIR_PATH}/Podfile.lock",
				"${PODS_ROOT}/Manifest.lock",
			);
			name = "[CP] Check Pods Manifest.lock";
			outputPaths = (
				"$(DERIVED_FILE_DIR)/Pods-iddc-swiftUITests-checkManifestLockResult.txt",
			);
			runOnlyForDeploymentPostprocessing = 0;
			shellPath = /bin/sh;
			shellScript = "diff \"${PODS_PODFILE_DIR_PATH}/Podfile.lock\" \"${PODS_ROOT}/Manifest.lock\" > /dev/null\nif [ $? != 0 ] ; then\n    # print error to STDERR\n    echo \"error: The sandbox is not in sync with the Podfile.lock. Run 'pod install' or update your CocoaPods installation.\" >&2\n    exit 1\nfi\n# This output is used by Xcode 'outputs' to avoid re-running this script phase.\necho \"SUCCESS\" > \"${SCRIPT_OUTPUT_FILE_0}\"\n";
			showEnvVarsInLog = 0;
		};
		68A302A062D02AB2489461B5 /* [CP] Check Pods Manifest.lock */ = {
			isa = PBXShellScriptBuildPhase;
			buildActionMask = 2147483647;
			files = (
			);
			inputPaths = (
				"${PODS_PODFILE_DIR_PATH}/Podfile.lock",
				"${PODS_ROOT}/Manifest.lock",
			);
			name = "[CP] Check Pods Manifest.lock";
			outputPaths = (
				"$(DERIVED_FILE_DIR)/Pods-iddc-swift-checkManifestLockResult.txt",
			);
			runOnlyForDeploymentPostprocessing = 0;
			shellPath = /bin/sh;
			shellScript = "diff \"${PODS_PODFILE_DIR_PATH}/Podfile.lock\" \"${PODS_ROOT}/Manifest.lock\" > /dev/null\nif [ $? != 0 ] ; then\n    # print error to STDERR\n    echo \"error: The sandbox is not in sync with the Podfile.lock. Run 'pod install' or update your CocoaPods installation.\" >&2\n    exit 1\nfi\n# This output is used by Xcode 'outputs' to avoid re-running this script phase.\necho \"SUCCESS\" > \"${SCRIPT_OUTPUT_FILE_0}\"\n";
			showEnvVarsInLog = 0;
		};
		7BB8EBA62CFE69AA72657904 /* [CP] Copy Pods Resources */ = {
			isa = PBXShellScriptBuildPhase;
			buildActionMask = 2147483647;
			files = (
			);
			inputPaths = (
			);
			name = "[CP] Copy Pods Resources";
			outputPaths = (
			);
			runOnlyForDeploymentPostprocessing = 0;
			shellPath = /bin/sh;
			shellScript = "\"${SRCROOT}/Pods/Target Support Files/Pods-iddc-swift/Pods-iddc-swift-resources.sh\"\n";
			showEnvVarsInLog = 0;
		};
		95DB493C8E44B54240689A5E /* [CP] Copy Pods Resources */ = {
			isa = PBXShellScriptBuildPhase;
			buildActionMask = 2147483647;
			files = (
			);
			inputPaths = (
			);
			name = "[CP] Copy Pods Resources";
			outputPaths = (
			);
			runOnlyForDeploymentPostprocessing = 0;
			shellPath = /bin/sh;
			shellScript = "\"${SRCROOT}/Pods/Target Support Files/Pods-iddc-swiftTests/Pods-iddc-swiftTests-resources.sh\"\n";
			showEnvVarsInLog = 0;
		};
		9F406A412C5D78BF5691BB5D /* [CP] Copy Pods Resources */ = {
			isa = PBXShellScriptBuildPhase;
			buildActionMask = 2147483647;
			files = (
			);
			inputPaths = (
			);
			name = "[CP] Copy Pods Resources";
			outputPaths = (
			);
			runOnlyForDeploymentPostprocessing = 0;
			shellPath = /bin/sh;
			shellScript = "\"${SRCROOT}/Pods/Target Support Files/Pods-iddc-swiftUITests/Pods-iddc-swiftUITests-resources.sh\"\n";
			showEnvVarsInLog = 0;
		};
		CB55F2CDF46CD75FE27B7ECC /* [CP] Check Pods Manifest.lock */ = {
			isa = PBXShellScriptBuildPhase;
			buildActionMask = 2147483647;
			files = (
			);
			inputPaths = (
				"${PODS_PODFILE_DIR_PATH}/Podfile.lock",
				"${PODS_ROOT}/Manifest.lock",
			);
			name = "[CP] Check Pods Manifest.lock";
			outputPaths = (
				"$(DERIVED_FILE_DIR)/Pods-iddc-swiftTests-checkManifestLockResult.txt",
			);
			runOnlyForDeploymentPostprocessing = 0;
			shellPath = /bin/sh;
			shellScript = "diff \"${PODS_PODFILE_DIR_PATH}/Podfile.lock\" \"${PODS_ROOT}/Manifest.lock\" > /dev/null\nif [ $? != 0 ] ; then\n    # print error to STDERR\n    echo \"error: The sandbox is not in sync with the Podfile.lock. Run 'pod install' or update your CocoaPods installation.\" >&2\n    exit 1\nfi\n# This output is used by Xcode 'outputs' to avoid re-running this script phase.\necho \"SUCCESS\" > \"${SCRIPT_OUTPUT_FILE_0}\"\n";
			showEnvVarsInLog = 0;
		};
/* End PBXShellScriptBuildPhase section */

/* Begin PBXSourcesBuildPhase section */
		025327541F8E02DC00AF302B /* Sources */ = {
			isa = PBXSourcesBuildPhase;
			buildActionMask = 2147483647;
			files = (
				0253275E1F8E02DC00AF302B /* ViewController.swift in Sources */,
				0253275C1F8E02DC00AF302B /* AppDelegate.swift in Sources */,
			);
			runOnlyForDeploymentPostprocessing = 0;
		};
		025327681F8E02DC00AF302B /* Sources */ = {
			isa = PBXSourcesBuildPhase;
			buildActionMask = 2147483647;
			files = (
				025327711F8E02DC00AF302B /* iddc_swiftTests.swift in Sources */,
			);
			runOnlyForDeploymentPostprocessing = 0;
		};
		025327731F8E02DD00AF302B /* Sources */ = {
			isa = PBXSourcesBuildPhase;
			buildActionMask = 2147483647;
			files = (
				0253277C1F8E02DD00AF302B /* iddc_swiftUITests.swift in Sources */,
			);
			runOnlyForDeploymentPostprocessing = 0;
		};
/* End PBXSourcesBuildPhase section */

/* Begin PBXTargetDependency section */
		0253276E1F8E02DC00AF302B /* PBXTargetDependency */ = {
			isa = PBXTargetDependency;
			target = 025327571F8E02DC00AF302B /* iddc-swift */;
			targetProxy = 0253276D1F8E02DC00AF302B /* PBXContainerItemProxy */;
		};
		025327791F8E02DD00AF302B /* PBXTargetDependency */ = {
			isa = PBXTargetDependency;
			target = 025327571F8E02DC00AF302B /* iddc-swift */;
			targetProxy = 025327781F8E02DD00AF302B /* PBXContainerItemProxy */;
		};
/* End PBXTargetDependency section */

/* Begin PBXVariantGroup section */
		0253275F1F8E02DC00AF302B /* Main.storyboard */ = {
			isa = PBXVariantGroup;
			children = (
				025327601F8E02DC00AF302B /* Base */,
			);
			name = Main.storyboard;
			sourceTree = "<group>";
		};
		025327641F8E02DC00AF302B /* LaunchScreen.storyboard */ = {
			isa = PBXVariantGroup;
			children = (
				025327651F8E02DC00AF302B /* Base */,
			);
			name = LaunchScreen.storyboard;
			sourceTree = "<group>";
		};
/* End PBXVariantGroup section */

/* Begin XCBuildConfiguration section */
		0253277E1F8E02DD00AF302B /* Debug */ = {
			isa = XCBuildConfiguration;
			buildSettings = {
				ALWAYS_SEARCH_USER_PATHS = NO;
				CLANG_ANALYZER_NONNULL = YES;
				CLANG_ANALYZER_NUMBER_OBJECT_CONVERSION = YES_AGGRESSIVE;
				CLANG_CXX_LANGUAGE_STANDARD = "gnu++14";
				CLANG_CXX_LIBRARY = "libc++";
				CLANG_ENABLE_MODULES = YES;
				CLANG_ENABLE_OBJC_ARC = YES;
				CLANG_WARN_BLOCK_CAPTURE_AUTORELEASING = YES;
				CLANG_WARN_BOOL_CONVERSION = YES;
				CLANG_WARN_COMMA = YES;
				CLANG_WARN_CONSTANT_CONVERSION = YES;
				CLANG_WARN_DIRECT_OBJC_ISA_USAGE = YES_ERROR;
				CLANG_WARN_DOCUMENTATION_COMMENTS = YES;
				CLANG_WARN_EMPTY_BODY = YES;
				CLANG_WARN_ENUM_CONVERSION = YES;
				CLANG_WARN_INFINITE_RECURSION = YES;
				CLANG_WARN_INT_CONVERSION = YES;
				CLANG_WARN_NON_LITERAL_NULL_CONVERSION = YES;
				CLANG_WARN_OBJC_LITERAL_CONVERSION = YES;
				CLANG_WARN_OBJC_ROOT_CLASS = YES_ERROR;
				CLANG_WARN_RANGE_LOOP_ANALYSIS = YES;
				CLANG_WARN_STRICT_PROTOTYPES = YES;
				CLANG_WARN_SUSPICIOUS_MOVE = YES;
				CLANG_WARN_UNGUARDED_AVAILABILITY = YES_AGGRESSIVE;
				CLANG_WARN_UNREACHABLE_CODE = YES;
				CLANG_WARN__DUPLICATE_METHOD_MATCH = YES;
				CODE_SIGN_IDENTITY = "iPhone Developer";
				COPY_PHASE_STRIP = NO;
				DEBUG_INFORMATION_FORMAT = dwarf;
				ENABLE_STRICT_OBJC_MSGSEND = YES;
				ENABLE_TESTABILITY = YES;
				GCC_C_LANGUAGE_STANDARD = gnu11;
				GCC_DYNAMIC_NO_PIC = NO;
				GCC_NO_COMMON_BLOCKS = YES;
				GCC_OPTIMIZATION_LEVEL = 0;
				GCC_PREPROCESSOR_DEFINITIONS = (
					"DEBUG=1",
					"$(inherited)",
				);
				GCC_WARN_64_TO_32_BIT_CONVERSION = YES;
				GCC_WARN_ABOUT_RETURN_TYPE = YES_ERROR;
				GCC_WARN_UNDECLARED_SELECTOR = YES;
				GCC_WARN_UNINITIALIZED_AUTOS = YES_AGGRESSIVE;
				GCC_WARN_UNUSED_FUNCTION = YES;
				GCC_WARN_UNUSED_VARIABLE = YES;
				IPHONEOS_DEPLOYMENT_TARGET = 11.0;
				MTL_ENABLE_DEBUG_INFO = YES;
				ONLY_ACTIVE_ARCH = YES;
				SDKROOT = iphoneos;
				SWIFT_ACTIVE_COMPILATION_CONDITIONS = DEBUG;
				SWIFT_OPTIMIZATION_LEVEL = "-Onone";
				SWIFT_VERSION = 4.0;
			};
			name = Debug;
		};
		0253277F1F8E02DD00AF302B /* Release */ = {
			isa = XCBuildConfiguration;
			buildSettings = {
				ALWAYS_SEARCH_USER_PATHS = NO;
				CLANG_ANALYZER_NONNULL = YES;
				CLANG_ANALYZER_NUMBER_OBJECT_CONVERSION = YES_AGGRESSIVE;
				CLANG_CXX_LANGUAGE_STANDARD = "gnu++14";
				CLANG_CXX_LIBRARY = "libc++";
				CLANG_ENABLE_MODULES = YES;
				CLANG_ENABLE_OBJC_ARC = YES;
				CLANG_WARN_BLOCK_CAPTURE_AUTORELEASING = YES;
				CLANG_WARN_BOOL_CONVERSION = YES;
				CLANG_WARN_COMMA = YES;
				CLANG_WARN_CONSTANT_CONVERSION = YES;
				CLANG_WARN_DIRECT_OBJC_ISA_USAGE = YES_ERROR;
				CLANG_WARN_DOCUMENTATION_COMMENTS = YES;
				CLANG_WARN_EMPTY_BODY = YES;
				CLANG_WARN_ENUM_CONVERSION = YES;
				CLANG_WARN_INFINITE_RECURSION = YES;
				CLANG_WARN_INT_CONVERSION = YES;
				CLANG_WARN_NON_LITERAL_NULL_CONVERSION = YES;
				CLANG_WARN_OBJC_LITERAL_CONVERSION = YES;
				CLANG_WARN_OBJC_ROOT_CLASS = YES_ERROR;
				CLANG_WARN_RANGE_LOOP_ANALYSIS = YES;
				CLANG_WARN_STRICT_PROTOTYPES = YES;
				CLANG_WARN_SUSPICIOUS_MOVE = YES;
				CLANG_WARN_UNGUARDED_AVAILABILITY = YES_AGGRESSIVE;
				CLANG_WARN_UNREACHABLE_CODE = YES;
				CLANG_WARN__DUPLICATE_METHOD_MATCH = YES;
				CODE_SIGN_IDENTITY = "iPhone Developer";
				COPY_PHASE_STRIP = NO;
				DEBUG_INFORMATION_FORMAT = "dwarf-with-dsym";
				ENABLE_NS_ASSERTIONS = NO;
				ENABLE_STRICT_OBJC_MSGSEND = YES;
				GCC_C_LANGUAGE_STANDARD = gnu11;
				GCC_NO_COMMON_BLOCKS = YES;
				GCC_WARN_64_TO_32_BIT_CONVERSION = YES;
				GCC_WARN_ABOUT_RETURN_TYPE = YES_ERROR;
				GCC_WARN_UNDECLARED_SELECTOR = YES;
				GCC_WARN_UNINITIALIZED_AUTOS = YES_AGGRESSIVE;
				GCC_WARN_UNUSED_FUNCTION = YES;
				GCC_WARN_UNUSED_VARIABLE = YES;
				IPHONEOS_DEPLOYMENT_TARGET = 11.0;
				MTL_ENABLE_DEBUG_INFO = NO;
				SDKROOT = iphoneos;
				SWIFT_OPTIMIZATION_LEVEL = "-Owholemodule";
				SWIFT_VERSION = 4.0;
				VALIDATE_PRODUCT = YES;
			};
			name = Release;
		};
		025327811F8E02DD00AF302B /* Debug */ = {
			isa = XCBuildConfiguration;
			baseConfigurationReference = 1E7CA6FABA25145E9224CEB8 /* Pods-iddc-swift.debug.xcconfig */;
			buildSettings = {
				ASSETCATALOG_COMPILER_APPICON_NAME = AppIcon;
				CODE_SIGN_STYLE = Automatic;
				DEVELOPMENT_TEAM = 39F7ZCTB24;
				FRAMEWORK_SEARCH_PATHS = (
					"$(inherited)",
					"$(PROJECT_DIR)",
					"$(PROJECT_DIR)/iddc-swift",
				);
				INFOPLIST_FILE = "iddc-swift/Info.plist";
				LD_RUNPATH_SEARCH_PATHS = "$(inherited) @executable_path/Frameworks";
				PRODUCT_BUNDLE_IDENTIFIER = "com.ebuilder.iddcdemo.swift.iddc-swift";
				PRODUCT_NAME = "$(TARGET_NAME)";
				SWIFT_VERSION = 4.0;
				TARGETED_DEVICE_FAMILY = "1,2";
			};
			name = Debug;
		};
		025327821F8E02DD00AF302B /* Release */ = {
			isa = XCBuildConfiguration;
			baseConfigurationReference = C4E93EC51738B401E9AE0324 /* Pods-iddc-swift.release.xcconfig */;
			buildSettings = {
				ASSETCATALOG_COMPILER_APPICON_NAME = AppIcon;
				CODE_SIGN_STYLE = Automatic;
				DEVELOPMENT_TEAM = 39F7ZCTB24;
				FRAMEWORK_SEARCH_PATHS = (
					"$(inherited)",
					"$(PROJECT_DIR)",
					"$(PROJECT_DIR)/iddc-swift",
				);
				INFOPLIST_FILE = "iddc-swift/Info.plist";
				LD_RUNPATH_SEARCH_PATHS = "$(inherited) @executable_path/Frameworks";
				PRODUCT_BUNDLE_IDENTIFIER = "com.ebuilder.iddcdemo.swift.iddc-swift";
				PRODUCT_NAME = "$(TARGET_NAME)";
				SWIFT_VERSION = 4.0;
				TARGETED_DEVICE_FAMILY = "1,2";
			};
			name = Release;
		};
		025327841F8E02DD00AF302B /* Debug */ = {
			isa = XCBuildConfiguration;
			baseConfigurationReference = E32A33175E2E1491EEABCC70 /* Pods-iddc-swiftTests.debug.xcconfig */;
			buildSettings = {
				ALWAYS_EMBED_SWIFT_STANDARD_LIBRARIES = YES;
				BUNDLE_LOADER = "$(TEST_HOST)";
				CODE_SIGN_STYLE = Automatic;
				DEVELOPMENT_TEAM = 39F7ZCTB24;
				INFOPLIST_FILE = "iddc-swiftTests/Info.plist";
				LD_RUNPATH_SEARCH_PATHS = "$(inherited) @executable_path/Frameworks @loader_path/Frameworks";
				PRODUCT_BUNDLE_IDENTIFIER = "com.ebuilder.iddcdemo.swift.iddc-swiftTests";
				PRODUCT_NAME = "$(TARGET_NAME)";
				SWIFT_VERSION = 4.0;
				TARGETED_DEVICE_FAMILY = "1,2";
				TEST_HOST = "$(BUILT_PRODUCTS_DIR)/iddc-swift.app/iddc-swift";
			};
			name = Debug;
		};
		025327851F8E02DD00AF302B /* Release */ = {
			isa = XCBuildConfiguration;
			baseConfigurationReference = 2CA5A82052D2EC41760269AD /* Pods-iddc-swiftTests.release.xcconfig */;
			buildSettings = {
				ALWAYS_EMBED_SWIFT_STANDARD_LIBRARIES = YES;
				BUNDLE_LOADER = "$(TEST_HOST)";
				CODE_SIGN_STYLE = Automatic;
				DEVELOPMENT_TEAM = 39F7ZCTB24;
				INFOPLIST_FILE = "iddc-swiftTests/Info.plist";
				LD_RUNPATH_SEARCH_PATHS = "$(inherited) @executable_path/Frameworks @loader_path/Frameworks";
				PRODUCT_BUNDLE_IDENTIFIER = "com.ebuilder.iddcdemo.swift.iddc-swiftTests";
				PRODUCT_NAME = "$(TARGET_NAME)";
				SWIFT_VERSION = 4.0;
				TARGETED_DEVICE_FAMILY = "1,2";
				TEST_HOST = "$(BUILT_PRODUCTS_DIR)/iddc-swift.app/iddc-swift";
			};
			name = Release;
		};
		025327871F8E02DD00AF302B /* Debug */ = {
			isa = XCBuildConfiguration;
			baseConfigurationReference = 005FE9964BFE88B383CCDC8C /* Pods-iddc-swiftUITests.debug.xcconfig */;
			buildSettings = {
				ALWAYS_EMBED_SWIFT_STANDARD_LIBRARIES = YES;
				CODE_SIGN_STYLE = Automatic;
				DEVELOPMENT_TEAM = 39F7ZCTB24;
				INFOPLIST_FILE = "iddc-swiftUITests/Info.plist";
				LD_RUNPATH_SEARCH_PATHS = "$(inherited) @executable_path/Frameworks @loader_path/Frameworks";
				PRODUCT_BUNDLE_IDENTIFIER = "com.ebuilder.iddcdemo.swift.iddc-swiftUITests";
				PRODUCT_NAME = "$(TARGET_NAME)";
				SWIFT_VERSION = 4.0;
				TARGETED_DEVICE_FAMILY = "1,2";
				TEST_TARGET_NAME = "iddc-swift";
			};
			name = Debug;
		};
		025327881F8E02DD00AF302B /* Release */ = {
			isa = XCBuildConfiguration;
			baseConfigurationReference = 75CDE1C7F7C09FF51304767E /* Pods-iddc-swiftUITests.release.xcconfig */;
			buildSettings = {
				ALWAYS_EMBED_SWIFT_STANDARD_LIBRARIES = YES;
				CODE_SIGN_STYLE = Automatic;
				DEVELOPMENT_TEAM = 39F7ZCTB24;
				INFOPLIST_FILE = "iddc-swiftUITests/Info.plist";
				LD_RUNPATH_SEARCH_PATHS = "$(inherited) @executable_path/Frameworks @loader_path/Frameworks";
				PRODUCT_BUNDLE_IDENTIFIER = "com.ebuilder.iddcdemo.swift.iddc-swiftUITests";
				PRODUCT_NAME = "$(TARGET_NAME)";
				SWIFT_VERSION = 4.0;
				TARGETED_DEVICE_FAMILY = "1,2";
				TEST_TARGET_NAME = "iddc-swift";
			};
			name = Release;
		};
/* End XCBuildConfiguration section */

/* Begin XCConfigurationList section */
		025327531F8E02DC00AF302B /* Build configuration list for PBXProject "iddc-swift" */ = {
			isa = XCConfigurationList;
			buildConfigurations = (
				0253277E1F8E02DD00AF302B /* Debug */,
				0253277F1F8E02DD00AF302B /* Release */,
			);
			defaultConfigurationIsVisible = 0;
			defaultConfigurationName = Release;
		};
		025327801F8E02DD00AF302B /* Build configuration list for PBXNativeTarget "iddc-swift" */ = {
			isa = XCConfigurationList;
			buildConfigurations = (
				025327811F8E02DD00AF302B /* Debug */,
				025327821F8E02DD00AF302B /* Release */,
			);
			defaultConfigurationIsVisible = 0;
			defaultConfigurationName = Release;
		};
		025327831F8E02DD00AF302B /* Build configuration list for PBXNativeTarget "iddc-swiftTests" */ = {
			isa = XCConfigurationList;
			buildConfigurations = (
				025327841F8E02DD00AF302B /* Debug */,
				025327851F8E02DD00AF302B /* Release */,
			);
			defaultConfigurationIsVisible = 0;
			defaultConfigurationName = Release;
		};
		025327861F8E02DD00AF302B /* Build configuration list for PBXNativeTarget "iddc-swiftUITests" */ = {
			isa = XCConfigurationList;
			buildConfigurations = (
				025327871F8E02DD00AF302B /* Debug */,
				025327881F8E02DD00AF302B /* Release */,
			);
			defaultConfigurationIsVisible = 0;
			defaultConfigurationName = Release;
		};
/* End XCConfigurationList section */
	};
	rootObject = 025327501F8E02DC00AF302B /* Project object */;
}
