PODS:
  - iddc-xcode9.3 (0.1.100)

DEPENDENCIES:
  - iddc-xcode9.3 (= 0.1.100)

SPEC REPOS:
  https://github.com/CocoaPods/Specs.git:
    - iddc-xcode9.3

SPEC CHECKSUMS:
  iddc-xcode9.3: b216f7f96b43257805d9d078dc2247435fd077fb

PODFILE CHECKSUM: 1883399264aaa9e2960a96e99b265b6d9f6e08d0

COCOAPODS: 1.5.0
