PODS:
  - iddc-xcode9.4 (0.1.125)

DEPENDENCIES:
  - iddc-xcode9.4 (= 0.1.125)

SPEC REPOS:
  https://github.com/cocoapods/specs.git:
    - iddc-xcode9.4

SPEC CHECKSUMS:
  iddc-xcode9.4: 6de8478645855cbe6dc7f5ce3e03b16d57d62fe5

PODFILE CHECKSUM: e9de7593615c3a9b87a03cb6e8b8f07767ecd8b1

COCOAPODS: 1.5.3
